{
  "name": "MyChat-App",
  "lockfileVersion": 3,
  "requires": true,
  "packages": {
    "": {
      "dependencies": {
        "redoc-express": "^2.1.3"
      }
    },
    "node_modules/redoc-express": {
      "version": "2.1.3",
      "resolved": "https://registry.npmjs.org/redoc-express/-/redoc-express-2.1.3.tgz",
      "integrity": "sha512-m4bS7FeGeAqPHjdyDkT/0cx9yGQ2Wt8eDwN9thqSva0ewv0ZPoemwhwu8O/ZiBAbD8IIM5EBDzCsjd5cKEZuxA==",
      "license": "MIT"
    }
  }
}
